// !$*UTF8*$!
{
	archiveVersion = 1;
	classes = {
	};
	objectVersion = 56;
	objects = {

/* Begin PBXBuildFile section */
		2D041E7E2A06248800A01AB3 /* FileDownloader.swift in Sources */ = {isa = PBXBuildFile; fileRef = 2D041E7D2A06248800A01AB3 /* FileDownloader.swift */; };
		2D041E802A0629FB00A01AB3 /* AppDelegate.swift in Sources */ = {isa = PBXBuildFile; fileRef = 2D041E7F2A0629FB00A01AB3 /* AppDelegate.swift */; };
		2D39D8322A053C5600D0968C /* macscriptApp.swift in Sources */ = {isa = PBXBuildFile; fileRef = 2D39D8312A053C5600D0968C /* macscriptApp.swift */; };
		2D39D8342A053C5600D0968C /* ContentView.swift in Sources */ = {isa = PBXBuildFile; fileRef = 2D39D8332A053C5600D0968C /* ContentView.swift */; };
		2D39D8362A053C5700D0968C /* Assets.xcassets in Resources */ = {isa = PBXBuildFile; fileRef = 2D39D8352A053C5700D0968C /* Assets.xcassets */; };
		2D39D8392A053C5700D0968C /* Preview Assets.xcassets in Resources */ = {isa = PBXBuildFile; fileRef = 2D39D8382A053C5700D0968C /* Preview Assets.xcassets */; };
		2DF30D222A053E7000979B34 /* LogsView.swift in Sources */ = {isa = PBXBuildFile; fileRef = 2DF30D212A053E7000979B34 /* LogsView.swift */; };
		2DF30D242A0540AD00979B34 /* UserFlowView.swift in Sources */ = {isa = PBXBuildFile; fileRef = 2DF30D232A0540AD00979B34 /* UserFlowView.swift */; };
		2DF30D262A0543DF00979B34 /* Palera1nView.swift in Sources */ = {isa = PBXBuildFile; fileRef = 2DF30D252A0543DF00979B34 /* Palera1nView.swift */; };
/* End PBXBuildFile section */

/* Begin PBXFileReference section */
		2D041E7D2A06248800A01AB3 /* FileDownloader.swift */ = {isa = PBXFileReference; lastKnownFileType = sourcecode.swift; path = FileDownloader.swift; sourceTree = "<group>"; };
		2D041E7F2A0629FB00A01AB3 /* AppDelegate.swift */ = {isa = PBXFileReference; lastKnownFileType = sourcecode.swift; path = AppDelegate.swift; sourceTree = "<group>"; };
		2D39D82E2A053C5600D0968C /* macscript.app */ = {isa = PBXFileReference; explicitFileType = wrapper.application; includeInIndex = 0; path = macscript.app; sourceTree = BUILT_PRODUCTS_DIR; };
		2D39D8312A053C5600D0968C /* macscriptApp.swift */ = {isa = PBXFileReference; lastKnownFileType = sourcecode.swift; path = macscriptApp.swift; sourceTree = "<group>"; };
		2D39D8332A053C5600D0968C /* ContentView.swift */ = {isa = PBXFileReference; lastKnownFileType = sourcecode.swift; path = ContentView.swift; sourceTree = "<group>"; };
		2D39D8352A053C5700D0968C /* Assets.xcassets */ = {isa = PBXFileReference; lastKnownFileType = folder.assetcatalog; path = Assets.xcassets; sourceTree = "<group>"; };
		2D39D8382A053C5700D0968C /* Preview Assets.xcassets */ = {isa = PBXFileReference; lastKnownFileType = folder.assetcatalog; path = "Preview Assets.xcassets"; sourceTree = "<group>"; };
		2D39D83A2A053C5700D0968C /* macscript.entitlements */ = {isa = PBXFileReference; lastKnownFileType = text.plist.entitlements; path = macscript.entitlements; sourceTree = "<group>"; };
		2DF30D212A053E7000979B34 /* LogsView.swift */ = {isa = PBXFileReference; lastKnownFileType = sourcecode.swift; path = LogsView.swift; sourceTree = "<group>"; };
		2DF30D232A0540AD00979B34 /* UserFlowView.swift */ = {isa = PBXFileReference; lastKnownFileType = sourcecode.swift; path = UserFlowView.swift; sourceTree = "<group>"; };
		2DF30D252A0543DF00979B34 /* Palera1nView.swift */ = {isa = PBXFileReference; lastKnownFileType = sourcecode.swift; path = Palera1nView.swift; sourceTree = "<group>"; };
/* End PBXFileReference section */

/* Begin PBXFrameworksBuildPhase section */
		2D39D82B2A053C5600D0968C /* Frameworks */ = {
			isa = PBXFrameworksBuildPhase;
			buildActionMask = 2147483647;
			files = (
			);
			runOnlyForDeploymentPostprocessing = 0;
		};
/* End PBXFrameworksBuildPhase section */

/* Begin PBXGroup section */
		2D39D8252A053C5600D0968C = {
			isa = PBXGroup;
			children = (
				2D39D8302A053C5600D0968C /* macscript */,
				2D39D82F2A053C5600D0968C /* Products */,
			);
			sourceTree = "<group>";
		};
		2D39D82F2A053C5600D0968C /* Products */ = {
			isa = PBXGroup;
			children = (
				2D39D82E2A053C5600D0968C /* macscript.app */,
			);
			name = Products;
			sourceTree = "<group>";
		};
		2D39D8302A053C5600D0968C /* macscript */ = {
			isa = PBXGroup;
			children = (
				2D39D8312A053C5600D0968C /* macscriptApp.swift */,
				2DF30D232A0540AD00979B34 /* UserFlowView.swift */,
				2D39D8332A053C5600D0968C /* ContentView.swift */,
				2DF30D252A0543DF00979B34 /* Palera1nView.swift */,
				2D39D8352A053C5700D0968C /* Assets.xcassets */,
				2D39D83A2A053C5700D0968C /* macscript.entitlements */,
				2D39D8372A053C5700D0968C /* Preview Content */,
				2DF30D212A053E7000979B34 /* LogsView.swift */,
				2D041E7D2A06248800A01AB3 /* FileDownloader.swift */,
				2D041E7F2A0629FB00A01AB3 /* AppDelegate.swift */,
			);
			path = macscript;
			sourceTree = "<group>";
		};
		2D39D8372A053C5700D0968C /* Preview Content */ = {
			isa = PBXGroup;
			children = (
				2D39D8382A053C5700D0968C /* Preview Assets.xcassets */,
			);
			path = "Preview Content";
			sourceTree = "<group>";
		};
/* End PBXGroup section */

/* Begin PBXNativeTarget section */
		2D39D82D2A053C5600D0968C /* macscript */ = {
			isa = PBXNativeTarget;
			buildConfigurationList = 2D39D83D2A053C5700D0968C /* Build configuration list for PBXNativeTarget "macscript" */;
			buildPhases = (
				2D39D82A2A053C5600D0968C /* Sources */,
				2D39D82B2A053C5600D0968C /* Frameworks */,
				2D39D82C2A053C5600D0968C /* Resources */,
			);
			buildRules = (
			);
			dependencies = (
			);
			name = macscript;
			packageProductDependencies = (
			);
			productName = macscript;
			productReference = 2D39D82E2A053C5600D0968C /* macscript.app */;
			productType = "com.apple.product-type.application";
		};
/* End PBXNativeTarget section */

/* Begin PBXProject section */
		2D39D8262A053C5600D0968C /* Project object */ = {
			isa = PBXProject;
			attributes = {
				BuildIndependentTargetsInParallel = 1;
				LastSwiftUpdateCheck = 1420;
				LastUpgradeCheck = 1420;
				TargetAttributes = {
					2D39D82D2A053C5600D0968C = {
						CreatedOnToolsVersion = 14.2;
					};
				};
			};
			buildConfigurationList = 2D39D8292A053C5600D0968C /* Build configuration list for PBXProject "macscript" */;
			compatibilityVersion = "Xcode 14.0";
			developmentRegion = en;
			hasScannedForEncodings = 0;
			knownRegions = (
				en,
				Base,
			);
			mainGroup = 2D39D8252A053C5600D0968C;
			packageReferences = (
				2DE6B4CF2A055AC200CB0A31 /* XCRemoteSwiftPackageReference "Spawn" */,
			);
			productRefGroup = 2D39D82F2A053C5600D0968C /* Products */;
			projectDirPath = "";
			projectRoot = "";
			targets = (
				2D39D82D2A053C5600D0968C /* macscript */,
			);
		};
/* End PBXProject section */

/* Begin PBXResourcesBuildPhase section */
		2D39D82C2A053C5600D0968C /* Resources */ = {
			isa = PBXResourcesBuildPhase;
			buildActionMask = 2147483647;
			files = (
				2D39D8392A053C5700D0968C /* Preview Assets.xcassets in Resources */,
				2D39D8362A053C5700D0968C /* Assets.xcassets in Resources */,
			);
			runOnlyForDeploymentPostprocessing = 0;
		};
/* End PBXResourcesBuildPhase section */

/* Begin PBXSourcesBuildPhase section */
		2D39D82A2A053C5600D0968C /* Sources */ = {
			isa = PBXSourcesBuildPhase;
			buildActionMask = 2147483647;
			files = (
				2D041E7E2A06248800A01AB3 /* FileDownloader.swift in Sources */,
				2DF30D222A053E7000979B34 /* LogsView.swift in Sources */,
				2DF30D262A0543DF00979B34 /* Palera1nView.swift in Sources */,
				2D39D8342A053C5600D0968C /* ContentView.swift in Sources */,
				2D041E802A0629FB00A01AB3 /* AppDelegate.swift in Sources */,
				2D39D8322A053C5600D0968C /* macscriptApp.swift in Sources */,
				2DF30D242A0540AD00979B34 /* UserFlowView.swift in Sources */,
			);
			runOnlyForDeploymentPostprocessing = 0;
		};
/* End PBXSourcesBuildPhase section */

/* Begin XCBuildConfiguration section */
		2D39D83B2A053C5700D0968C /* Debug */ = {
			isa = XCBuildConfiguration;
			buildSettings = {
				ALWAYS_SEARCH_USER_PATHS = NO;
				CLANG_ANALYZER_NONNULL = YES;
				CLANG_ANALYZER_NUMBER_OBJECT_CONVERSION = YES_AGGRESSIVE;
				CLANG_CXX_LANGUAGE_STANDARD = "gnu++20";
				CLANG_ENABLE_MODULES = YES;
				CLANG_ENABLE_OBJC_ARC = YES;
				CLANG_ENABLE_OBJC_WEAK = YES;
				CLANG_WARN_BLOCK_CAPTURE_AUTORELEASING = YES;
				CLANG_WARN_BOOL_CONVERSION = YES;
				CLANG_WARN_COMMA = YES;
				CLANG_WARN_CONSTANT_CONVERSION = YES;
				CLANG_WARN_DEPRECATED_OBJC_IMPLEMENTATIONS = YES;
				CLANG_WARN_DIRECT_OBJC_ISA_USAGE = YES_ERROR;
				CLANG_WARN_DOCUMENTATION_COMMENTS = YES;
				CLANG_WARN_EMPTY_BODY = YES;
				CLANG_WARN_ENUM_CONVERSION = YES;
				CLANG_WARN_INFINITE_RECURSION = YES;
				CLANG_WARN_INT_CONVERSION = YES;
				CLANG_WARN_NON_LITERAL_NULL_CONVERSION = YES;
				CLANG_WARN_OBJC_IMPLICIT_RETAIN_SELF = YES;
				CLANG_WARN_OBJC_LITERAL_CONVERSION = YES;
				CLANG_WARN_OBJC_ROOT_CLASS = YES_ERROR;
				CLANG_WARN_QUOTED_INCLUDE_IN_FRAMEWORK_HEADER = YES;
				CLANG_WARN_RANGE_LOOP_ANALYSIS = YES;
				CLANG_WARN_STRICT_PROTOTYPES = YES;
				CLANG_WARN_SUSPICIOUS_MOVE = YES;
				CLANG_WARN_UNGUARDED_AVAILABILITY = YES_AGGRESSIVE;
				CLANG_WARN_UNREACHABLE_CODE = YES;
				CLANG_WARN__DUPLICATE_METHOD_MATCH = YES;
				COPY_PHASE_STRIP = NO;
				DEBUG_INFORMATION_FORMAT = dwarf;
				ENABLE_STRICT_OBJC_MSGSEND = YES;
				ENABLE_TESTABILITY = YES;
				GCC_C_LANGUAGE_STANDARD = gnu11;
				GCC_DYNAMIC_NO_PIC = NO;
				GCC_NO_COMMON_BLOCKS = YES;
				GCC_OPTIMIZATION_LEVEL = 0;
				GCC_PREPROCESSOR_DEFINITIONS = (
					"DEBUG=1",
					"$(inherited)",
				);
				GCC_WARN_64_TO_32_BIT_CONVERSION = YES;
				GCC_WARN_ABOUT_RETURN_TYPE = YES_ERROR;
				GCC_WARN_UNDECLARED_SELECTOR = YES;
				GCC_WARN_UNINITIALIZED_AUTOS = YES_AGGRESSIVE;
				GCC_WARN_UNUSED_FUNCTION = YES;
				GCC_WARN_UNUSED_VARIABLE = YES;
				MACOSX_DEPLOYMENT_TARGET = 10.13;
				MTL_ENABLE_DEBUG_INFO = INCLUDE_SOURCE;
				MTL_FAST_MATH = YES;
				ONLY_ACTIVE_ARCH = YES;
				SDKROOT = macosx;
				SWIFT_ACTIVE_COMPILATION_CONDITIONS = DEBUG;
				SWIFT_OPTIMIZATION_LEVEL = "-Onone";
			};
			name = Debug;
		};
		2D39D83C2A053C5700D0968C /* Release */ = {
			isa = XCBuildConfiguration;
			buildSettings = {
				ALWAYS_SEARCH_USER_PATHS = NO;
				CLANG_ANALYZER_NONNULL = YES;
				CLANG_ANALYZER_NUMBER_OBJECT_CONVERSION = YES_AGGRESSIVE;
				CLANG_CXX_LANGUAGE_STANDARD = "gnu++20";
				CLANG_ENABLE_MODULES = YES;
				CLANG_ENABLE_OBJC_ARC = YES;
				CLANG_ENABLE_OBJC_WEAK = YES;
				CLANG_WARN_BLOCK_CAPTURE_AUTORELEASING = YES;
				CLANG_WARN_BOOL_CONVERSION = YES;
				CLANG_WARN_COMMA = YES;
				CLANG_WARN_CONSTANT_CONVERSION = YES;
				CLANG_WARN_DEPRECATED_OBJC_IMPLEMENTATIONS = YES;
				CLANG_WARN_DIRECT_OBJC_ISA_USAGE = YES_ERROR;
				CLANG_WARN_DOCUMENTATION_COMMENTS = YES;
				CLANG_WARN_EMPTY_BODY = YES;
				CLANG_WARN_ENUM_CONVERSION = YES;
				CLANG_WARN_INFINITE_RECURSION = YES;
				CLANG_WARN_INT_CONVERSION = YES;
				CLANG_WARN_NON_LITERAL_NULL_CONVERSION = YES;
				CLANG_WARN_OBJC_IMPLICIT_RETAIN_SELF = YES;
				CLANG_WARN_OBJC_LITERAL_CONVERSION = YES;
				CLANG_WARN_OBJC_ROOT_CLASS = YES_ERROR;
				CLANG_WARN_QUOTED_INCLUDE_IN_FRAMEWORK_HEADER = YES;
				CLANG_WARN_RANGE_LOOP_ANALYSIS = YES;
				CLANG_WARN_STRICT_PROTOTYPES = YES;
				CLANG_WARN_SUSPICIOUS_MOVE = YES;
				CLANG_WARN_UNGUARDED_AVAILABILITY = YES_AGGRESSIVE;
				CLANG_WARN_UNREACHABLE_CODE = YES;
				CLANG_WARN__DUPLICATE_METHOD_MATCH = YES;
				COPY_PHASE_STRIP = NO;
				DEBUG_INFORMATION_FORMAT = "dwarf-with-dsym";
				ENABLE_NS_ASSERTIONS = NO;
				ENABLE_STRICT_OBJC_MSGSEND = YES;
				GCC_C_LANGUAGE_STANDARD = gnu11;
				GCC_NO_COMMON_BLOCKS = YES;
				GCC_WARN_64_TO_32_BIT_CONVERSION = YES;
				GCC_WARN_ABOUT_RETURN_TYPE = YES_ERROR;
				GCC_WARN_UNDECLARED_SELECTOR = YES;
				GCC_WARN_UNINITIALIZED_AUTOS = YES_AGGRESSIVE;
				GCC_WARN_UNUSED_FUNCTION = YES;
				GCC_WARN_UNUSED_VARIABLE = YES;
				MACOSX_DEPLOYMENT_TARGET = 10.13;
				MTL_ENABLE_DEBUG_INFO = NO;
				MTL_FAST_MATH = YES;
				SDKROOT = macosx;
				SWIFT_COMPILATION_MODE = wholemodule;
				SWIFT_OPTIMIZATION_LEVEL = "-O";
			};
			name = Release;
		};
		2D39D83E2A053C5700D0968C /* Debug */ = {
			isa = XCBuildConfiguration;
			buildSettings = {
				ASSETCATALOG_COMPILER_APPICON_NAME = AppIcon;
				ASSETCATALOG_COMPILER_GLOBAL_ACCENT_COLOR_NAME = AccentColor;
				CODE_SIGN_ENTITLEMENTS = macscript/macscript.entitlements;
				CODE_SIGN_STYLE = Automatic;
				COMBINE_HIDPI_IMAGES = YES;
				CURRENT_PROJECT_VERSION = 1;
				DEVELOPMENT_ASSET_PATHS = "\"macscript/Preview Content\"";
				ENABLE_PREVIEWS = YES;
				GENERATE_INFOPLIST_FILE = YES;
				INFOPLIST_KEY_CFBundleDisplayName = "macscript GUI";
				INFOPLIST_KEY_LSApplicationCategoryType = "public.app-category.developer-tools";
				INFOPLIST_KEY_NSHumanReadableCopyright = "";
				LD_RUNPATH_SEARCH_PATHS = (
					"$(inherited)",
					"@executable_path/../Frameworks",
				);
				MACOSX_DEPLOYMENT_TARGET = 13.0;
				MARKETING_VERSION = 1.0;
				PRODUCT_BUNDLE_IDENTIFIER = itsmaclol.macscript;
				PRODUCT_NAME = "$(TARGET_NAME)";
				SWIFT_EMIT_LOC_STRINGS = YES;
				SWIFT_VERSION = 5.0;
			};
			name = Debug;
		};
		2D39D83F2A053C5700D0968C /* Release */ = {
			isa = XCBuildConfiguration;
			buildSettings = {
				ASSETCATALOG_COMPILER_APPICON_NAME = AppIcon;
				ASSETCATALOG_COMPILER_GLOBAL_ACCENT_COLOR_NAME = AccentColor;
				CODE_SIGN_ENTITLEMENTS = macscript/macscript.entitlements;
				CODE_SIGN_STYLE = Automatic;
				COMBINE_HIDPI_IMAGES = YES;
				CURRENT_PROJECT_VERSION = 1;
				DEVELOPMENT_ASSET_PATHS = "\"macscript/Preview Content\"";
				ENABLE_PREVIEWS = YES;
				GENERATE_INFOPLIST_FILE = YES;
				INFOPLIST_KEY_CFBundleDisplayName = "macscript GUI";
				INFOPLIST_KEY_LSApplicationCategoryType = "public.app-category.developer-tools";
				INFOPLIST_KEY_NSHumanReadableCopyright = "";
				LD_RUNPATH_SEARCH_PATHS = (
					"$(inherited)",
					"@executable_path/../Frameworks",
				);
				MACOSX_DEPLOYMENT_TARGET = 13.0;
				MARKETING_VERSION = 1.0;
				PRODUCT_BUNDLE_IDENTIFIER = itsmaclol.macscript;
				PRODUCT_NAME = "$(TARGET_NAME)";
				SWIFT_EMIT_LOC_STRINGS = YES;
				SWIFT_VERSION = 5.0;
			};
			name = Release;
		};
/* End XCBuildConfiguration section */

/* Begin XCConfigurationList section */
		2D39D8292A053C5600D0968C /* Build configuration list for PBXProject "macscript" */ = {
			isa = XCConfigurationList;
			buildConfigurations = (
				2D39D83B2A053C5700D0968C /* Debug */,
				2D39D83C2A053C5700D0968C /* Release */,
			);
			defaultConfigurationIsVisible = 0;
			defaultConfigurationName = Release;
		};
		2D39D83D2A053C5700D0968C /* Build configuration list for PBXNativeTarget "macscript" */ = {
			isa = XCConfigurationList;
			buildConfigurations = (
				2D39D83E2A053C5700D0968C /* Debug */,
				2D39D83F2A053C5700D0968C /* Release */,
			);
			defaultConfigurationIsVisible = 0;
			defaultConfigurationName = Release;
		};
/* End XCConfigurationList section */

/* Begin XCRemoteSwiftPackageReference section */
		2DE6B4CF2A055AC200CB0A31 /* XCRemoteSwiftPackageReference "Spawn" */ = {
			isa = XCRemoteSwiftPackageReference;
			repositoryURL = "https://github.com/aciidb0mb3r/Spawn.git";
			requirement = {
				kind = upToNextMajorVersion;
				minimumVersion = 0.0.3;
			};
		};
/* End XCRemoteSwiftPackageReference section */
	};
	rootObject = 2D39D8262A053C5600D0968C /* Project object */;
}
